
Microsoft Visual Studio Solution File, Format Version 12.00
# Visual Studio 15
VisualStudioVersion = 15.0.28307.271
MinimumVisualStudioVersion = 10.0.40219.1
Project("{9A19103F-16F7-4668-BE54-9A1E7A4F7556}") = "Foo.Services.User", "Foo.Services.Player\Foo.Services.User.csproj", "{B07208A2-2402-4980-B90A-C9241BC034FD}"
EndProject
Project("{FAE04EC0-301F-11D3-BF4B-00C04F79EFBC}") = "Foo.Services.Common", "Foo.Services.Common\Foo.Services.Common.csproj", "{F3006C93-751C-4609-A874-16D3AECD79F1}"
EndProject
Project("{FAE04EC0-301F-11D3-BF4B-00C04F79EFBC}") = "Foo.Services.Game", "Foo.Services.Game\Foo.Services.Game.csproj", "{733E6499-D597-4B47-B236-C304370FBC0E}"
EndProject
Global
	GlobalSection(SolutionConfigurationPlatforms) = preSolution
		Debug|Any CPU = Debug|Any CPU
		Release|Any CPU = Release|Any CPU
	EndGlobalSection
	GlobalSection(ProjectConfigurationPlatforms) = postSolution
		{B07208A2-2402-4980-B90A-C9241BC034FD}.Debug|Any CPU.ActiveCfg = Debug|Any CPU
		{B07208A2-2402-4980-B90A-C9241BC034FD}.Debug|Any CPU.Build.0 = Debug|Any CPU
		{B07208A2-2402-4980-B90A-C9241BC034FD}.Release|Any CPU.ActiveCfg = Release|Any CPU
		{B07208A2-2402-4980-B90A-C9241BC034FD}.Release|Any CPU.Build.0 = Release|Any CPU
		{F3006C93-751C-4609-A874-16D3AECD79F1}.Debug|Any CPU.ActiveCfg = Debug|Any CPU
		{F3006C93-751C-4609-A874-16D3AECD79F1}.Debug|Any CPU.Build.0 = Debug|Any CPU
		{F3006C93-751C-4609-A874-16D3AECD79F1}.Release|Any CPU.ActiveCfg = Release|Any CPU
		{F3006C93-751C-4609-A874-16D3AECD79F1}.Release|Any CPU.Build.0 = Release|Any CPU
		{733E6499-D597-4B47-B236-C304370FBC0E}.Debug|Any CPU.ActiveCfg = Debug|Any CPU
		{733E6499-D597-4B47-B236-C304370FBC0E}.Debug|Any CPU.Build.0 = Debug|Any CPU
		{733E6499-D597-4B47-B236-C304370FBC0E}.Release|Any CPU.ActiveCfg = Release|Any CPU
		{733E6499-D597-4B47-B236-C304370FBC0E}.Release|Any CPU.Build.0 = Release|Any CPU
	EndGlobalSection
	GlobalSection(SolutionProperties) = preSolution
		HideSolutionNode = FALSE
	EndGlobalSection
	GlobalSection(ExtensibilityGlobals) = postSolution
		SolutionGuid = {DE531999-A89D-4EF8-85F0-C295A8E77A23}
	EndGlobalSection
EndGlobal
